
Microsoft Visual Studio Solution File, Format Version 12.00
# Visual Studio Version 16
VisualStudioVersion = 16.0.29728.190
MinimumVisualStudioVersion = 10.0.40219.1
Project("{9A19103F-16F7-4668-BE54-9A1E7A4F7556}") = "LV1", "LV1\LV1.csproj", "{8AEBEF43-A21A-4453-B7C5-D7C0E3E15EA6}"
EndProject
Project("{FAE04EC0-301F-11D3-BF4B-00C04F79EFBC}") = "LV2", "LV2\LV2.csproj", "{29B2EB30-5F2B-48DF-9FC2-5091A688E398}"
EndProject
Global
	GlobalSection(SolutionConfigurationPlatforms) = preSolution
		Debug|Any CPU = Debug|Any CPU
		Release|Any CPU = Release|Any CPU
	EndGlobalSection
	GlobalSection(ProjectConfigurationPlatforms) = postSolution
		{8AEBEF43-A21A-4453-B7C5-D7C0E3E15EA6}.Debug|Any CPU.ActiveCfg = Debug|Any CPU
		{8AEBEF43-A21A-4453-B7C5-D7C0E3E15EA6}.Debug|Any CPU.Build.0 = Debug|Any CPU
		{8AEBEF43-A21A-4453-B7C5-D7C0E3E15EA6}.Release|Any CPU.ActiveCfg = Release|Any CPU
		{8AEBEF43-A21A-4453-B7C5-D7C0E3E15EA6}.Release|Any CPU.Build.0 = Release|Any CPU
		{29B2EB30-5F2B-48DF-9FC2-5091A688E398}.Debug|Any CPU.ActiveCfg = Debug|Any CPU
		{29B2EB30-5F2B-48DF-9FC2-5091A688E398}.Debug|Any CPU.Build.0 = Debug|Any CPU
		{29B2EB30-5F2B-48DF-9FC2-5091A688E398}.Release|Any CPU.ActiveCfg = Release|Any CPU
		{29B2EB30-5F2B-48DF-9FC2-5091A688E398}.Release|Any CPU.Build.0 = Release|Any CPU
	EndGlobalSection
	GlobalSection(SolutionProperties) = preSolution
		HideSolutionNode = FALSE
	EndGlobalSection
	GlobalSection(ExtensibilityGlobals) = postSolution
		SolutionGuid = {17F97BF7-BFB7-4386-9839-43CB231719B4}
	EndGlobalSection
EndGlobal
